
Microsoft Visual Studio Solution File, Format Version 12.00
# Visual Studio Version 17
VisualStudioVersion = 17.8.34525.116
MinimumVisualStudioVersion = 10.0.40219.1
Project("{FAE04EC0-301F-11D3-BF4B-00C04F79EFBC}") = "SocialMediaPlatform", "SocialMediaPlatform\SocialMediaPlatform.csproj", "{A7DBFAB7-30A7-4865-B588-4EC71B29B129}"
EndProject
Global
	GlobalSection(SolutionConfigurationPlatforms) = preSolution
		Debug|Any CPU = Debug|Any CPU
		Release|Any CPU = Release|Any CPU
	EndGlobalSection
	GlobalSection(ProjectConfigurationPlatforms) = postSolution
		{A7DBFAB7-30A7-4865-B588-4EC71B29B129}.Debug|Any CPU.ActiveCfg = Debug|Any CPU
		{A7DBFAB7-30A7-4865-B588-4EC71B29B129}.Debug|Any CPU.Build.0 = Debug|Any CPU
		{A7DBFAB7-30A7-4865-B588-4EC71B29B129}.Release|Any CPU.ActiveCfg = Release|Any CPU
		{A7DBFAB7-30A7-4865-B588-4EC71B29B129}.Release|Any CPU.Build.0 = Release|Any CPU
	EndGlobalSection
	GlobalSection(SolutionProperties) = preSolution
		HideSolutionNode = FALSE
	EndGlobalSection
	GlobalSection(ExtensibilityGlobals) = postSolution
		SolutionGuid = {2D9F1777-3974-4858-9B3A-D588B4D96A37}
	EndGlobalSection
EndGlobal
